<?xml version="1.0" encoding="utf-8"?>
<Project ToolsVersion="4.0" xmlns="http://schemas.microsoft.com/developer/msbuild/2003">
  <ItemGroup>
    <Filter Include="Source Files">
      <UniqueIdentifier>{4FC737F1-C7A5-4376-A066-2A32D752A2FF}</UniqueIdentifier>
      <Extensions>cpp;c;cc;cxx;def;odl;idl;hpj;bat;asm;asmx</Extensions>
    </Filter>
    <Filter Include="Header Files">
      <UniqueIdentifier>{93995380-89BD-4b04-88EB-625FBE52EBFB}</UniqueIdentifier>
      <Extensions>h;hh;hpp;hxx;hm;inl;inc;xsd</Extensions>
    </Filter>
    <Filter Include="Resource Files">
      <UniqueIdentifier>{67DA6AB6-F800-4c08-8B7A-83BB121AAD01}</UniqueIdentifier>
      <Extensions>rc;ico;cur;bmp;dlg;rc2;rct;bin;rgs;gif;jpg;jpeg;jpe;resx;tiff;tif;png;wav;mfcribbon-ms</Extensions>
    </Filter>
    <Filter Include="Math">
      <UniqueIdentifier>{ea3fb5f9-d81f-4fa1-b933-8911cf5c74a2}</UniqueIdentifier>
    </Filter>
    <Filter Include="Math\MathHeaders">
      <UniqueIdentifier>{92500488-9da6-4ed3-9b76-9da3a2e7811d}</UniqueIdentifier>
    </Filter>
    <Filter Include="Math\MathSource">
      <UniqueIdentifier>{e6503067-e022-488b-98de-a17084d39467}</UniqueIdentifier>
    </Filter>
    <Filter Include="GLee">
      <UniqueIdentifier>{d6bf59db-ca0a-434f-97ab-aa93e0b7b9c4}</UniqueIdentifier>
    </Filter>
  </ItemGroup>
  <ItemGroup>
    <ClCompile Include="Main.cpp">
      <Filter>Source Files</Filter>
    </ClCompile>
    <ClCompile Include="Maths\COLOR.cpp">
      <Filter>Math\MathSource</Filter>
    </ClCompile>
    <ClCompile Include="Maths\MATRIX4X4.cpp">
      <Filter>Math\MathSource</Filter>
    </ClCompile>
    <ClCompile Include="Maths\PLANE.cpp">
      <Filter>Math\MathSource</Filter>
    </ClCompile>
    <ClCompile Include="Maths\VECTOR2D.cpp">
      <Filter>Math\MathSource</Filter>
    </ClCompile>
    <ClCompile Include="Maths\VECTOR3D.cpp">
      <Filter>Math\MathSource</Filter>
    </ClCompile>
    <ClCompile Include="Maths\VECTOR4D.cpp">
      <Filter>Math\MathSource</Filter>
    </ClCompile>
  </ItemGroup>
  <ItemGroup>
    <ClInclude Include="Maths\COLOR.h">
      <Filter>Math\MathHeaders</Filter>
    </ClInclude>
    <ClInclude Include="Maths\Maths.h">
      <Filter>Math\MathHeaders</Filter>
    </ClInclude>
    <ClInclude Include="Maths\MATRIX4X4.h">
      <Filter>Math\MathHeaders</Filter>
    </ClInclude>
    <ClInclude Include="Maths\PLANE.h">
      <Filter>Math\MathHeaders</Filter>
    </ClInclude>
    <ClInclude Include="Maths\VECTOR2D.h">
      <Filter>Math\MathHeaders</Filter>
    </ClInclude>
    <ClInclude Include="Maths\VECTOR3D.h">
      <Filter>Math\MathHeaders</Filter>
    </ClInclude>
    <ClInclude Include="Maths\VECTOR4D.h">
      <Filter>Math\MathHeaders</Filter>
    </ClInclude>
    <ClInclude Include="SOIL.h">
      <Filter>Header Files</Filter>
    </ClInclude>
    <ClInclude Include="glut.h">
      <Filter>Header Files</Filter>
    </ClInclude>
    <ClInclude Include="GLee\GLee.h">
      <Filter>GLee</Filter>
    </ClInclude>
  </ItemGroup>
</Project>